
Microsoft Visual Studio Solution File, Format Version 12.00
# Visual Studio 15
VisualStudioVersion = 15.0.26430.6
MinimumVisualStudioVersion = 10.0.40219.1
Project("{8BC9CEB8-8B4A-11D0-8D11-00A0C91BC942}") = "Base64", "Base64\Base64.vcxproj", "{8C3B2030-94CC-48F5-8AF2-FE214E147542}"
EndProject
Project("{8BC9CEB8-8B4A-11D0-8D11-00A0C91BC942}") = "UnitTest1", "UnitTest1\UnitTest1.vcxproj", "{D82681CD-9272-4F01-96CE-F120150EBA04}"
	ProjectSection(ProjectDependencies) = postProject
		{8C3B2030-94CC-48F5-8AF2-FE214E147542} = {8C3B2030-94CC-48F5-8AF2-FE214E147542}
	EndProjectSection
EndProject
Global
	GlobalSection(SolutionConfigurationPlatforms) = preSolution
		Debug|x64 = Debug|x64
		Debug|x86 = Debug|x86
		Release|x64 = Release|x64
		Release|x86 = Release|x86
	EndGlobalSection
	GlobalSection(ProjectConfigurationPlatforms) = postSolution
		{8C3B2030-94CC-48F5-8AF2-FE214E147542}.Debug|x64.ActiveCfg = Debug|x64
		{8C3B2030-94CC-48F5-8AF2-FE214E147542}.Debug|x64.Build.0 = Debug|x64
		{8C3B2030-94CC-48F5-8AF2-FE214E147542}.Debug|x86.ActiveCfg = Debug|Win32
		{8C3B2030-94CC-48F5-8AF2-FE214E147542}.Debug|x86.Build.0 = Debug|Win32
		{8C3B2030-94CC-48F5-8AF2-FE214E147542}.Release|x64.ActiveCfg = Release|x64
		{8C3B2030-94CC-48F5-8AF2-FE214E147542}.Release|x64.Build.0 = Release|x64
		{8C3B2030-94CC-48F5-8AF2-FE214E147542}.Release|x86.ActiveCfg = Release|Win32
		{8C3B2030-94CC-48F5-8AF2-FE214E147542}.Release|x86.Build.0 = Release|Win32
		{D82681CD-9272-4F01-96CE-F120150EBA04}.Debug|x64.ActiveCfg = Debug|x64
		{D82681CD-9272-4F01-96CE-F120150EBA04}.Debug|x64.Build.0 = Debug|x64
		{D82681CD-9272-4F01-96CE-F120150EBA04}.Debug|x86.ActiveCfg = Debug|Win32
		{D82681CD-9272-4F01-96CE-F120150EBA04}.Debug|x86.Build.0 = Debug|Win32
		{D82681CD-9272-4F01-96CE-F120150EBA04}.Release|x64.ActiveCfg = Release|x64
		{D82681CD-9272-4F01-96CE-F120150EBA04}.Release|x64.Build.0 = Release|x64
		{D82681CD-9272-4F01-96CE-F120150EBA04}.Release|x86.ActiveCfg = Release|Win32
		{D82681CD-9272-4F01-96CE-F120150EBA04}.Release|x86.Build.0 = Release|Win32
	EndGlobalSection
	GlobalSection(SolutionProperties) = preSolution
		HideSolutionNode = FALSE
	EndGlobalSection
EndGlobal
